// !$*UTF8*$!
{
	archiveVersion = 1;
	classes = {
	};
	objectVersion = 77;
	objects = {

/* Begin PBXContainerItemProxy section */
		A301C6B32DCE620A00C91F2F /* PBXContainerItemProxy */ = {
			isa = PBXContainerItemProxy;
			containerPortal = A301C69D2DCE620900C91F2F /* Project object */;
			proxyType = 1;
			remoteGlobalIDString = A301C6A42DCE620900C91F2F;
			remoteInfo = theGathering;
		};
		A301C6BD2DCE620A00C91F2F /* PBXContainerItemProxy */ = {
			isa = PBXContainerItemProxy;
			containerPortal = A301C69D2DCE620900C91F2F /* Project object */;
			proxyType = 1;
			remoteGlobalIDString = A301C6A42DCE620900C91F2F;
			remoteInfo = theGathering;
		};
/* End PBXContainerItemProxy section */

/* Begin PBXFileReference section */
		A301C6A52DCE620900C91F2F /* theGathering.app */ = {isa = PBXFileReference; explicitFileType = wrapper.application; includeInIndex = 0; path = theGathering.app; sourceTree = BUILT_PRODUCTS_DIR; };
		A301C6B22DCE620A00C91F2F /* theGatheringTests.xctest */ = {isa = PBXFileReference; explicitFileType = wrapper.cfbundle; includeInIndex = 0; path = theGatheringTests.xctest; sourceTree = BUILT_PRODUCTS_DIR; };
		A301C6BC2DCE620A00C91F2F /* theGatheringUITests.xctest */ = {isa = PBXFileReference; explicitFileType = wrapper.cfbundle; includeInIndex = 0; path = theGatheringUITests.xctest; sourceTree = BUILT_PRODUCTS_DIR; };
/* End PBXFileReference section */

/* Begin PBXFileSystemSynchronizedRootGroup section */
		A301C6A72DCE620900C91F2F /* theGathering */ = {
			isa = PBXFileSystemSynchronizedRootGroup;
			path = theGathering;
			sourceTree = "<group>";
		};
		A301C6B52DCE620A00C91F2F /* theGatheringTests */ = {
			isa = PBXFileSystemSynchronizedRootGroup;
			path = theGatheringTests;
			sourceTree = "<group>";
		};
		A301C6BF2DCE620A00C91F2F /* theGatheringUITests */ = {
			isa = PBXFileSystemSynchronizedRootGroup;
			path = theGatheringUITests;
			sourceTree = "<group>";
		};
/* End PBXFileSystemSynchronizedRootGroup section */

/* Begin PBXFrameworksBuildPhase section */
		A301C6A22DCE620900C91F2F /* Frameworks */ = {
			isa = PBXFrameworksBuildPhase;
			buildActionMask = 2147483647;
			files = (
			);
			runOnlyForDeploymentPostprocessing = 0;
		};
		A301C6AF2DCE620A00C91F2F /* Frameworks */ = {
			isa = PBXFrameworksBuildPhase;
			buildActionMask = 2147483647;
			files = (
			);
			runOnlyForDeploymentPostprocessing = 0;
		};
		A301C6B92DCE620A00C91F2F /* Frameworks */ = {
			isa = PBXFrameworksBuildPhase;
			buildActionMask = 2147483647;
			files = (
			);
			runOnlyForDeploymentPostprocessing = 0;
		};
/* End PBXFrameworksBuildPhase section */

/* Begin PBXGroup section */
		A301C69C2DCE620900C91F2F = {
			isa = PBXGroup;
			children = (
				A301C6A72DCE620900C91F2F /* theGathering */,
				A301C6B52DCE620A00C91F2F /* theGatheringTests */,
				A301C6BF2DCE620A00C91F2F /* theGatheringUITests */,
				A301C6A62DCE620900C91F2F /* Products */,
			);
			sourceTree = "<group>";
		};
		A301C6A62DCE620900C91F2F /* Products */ = {
			isa = PBXGroup;
			children = (
				A301C6A52DCE620900C91F2F /* theGathering.app */,
				A301C6B22DCE620A00C91F2F /* theGatheringTests.xctest */,
				A301C6BC2DCE620A00C91F2F /* theGatheringUITests.xctest */,
			);
			name = Products;
			sourceTree = "<group>";
		};
/* End PBXGroup section */

/* Begin PBXNativeTarget section */
		A301C6A42DCE620900C91F2F /* theGathering */ = {
			isa = PBXNativeTarget;
			buildConfigurationList = A301C6C62DCE620A00C91F2F /* Build configuration list for PBXNativeTarget "theGathering" */;
			buildPhases = (
				A301C6A12DCE620900C91F2F /* Sources */,
				A301C6A22DCE620900C91F2F /* Frameworks */,
				A301C6A32DCE620900C91F2F /* Resources */,
			);
			buildRules = (
			);
			dependencies = (
			);
			fileSystemSynchronizedGroups = (
				A301C6A72DCE620900C91F2F /* theGathering */,
			);
			name = theGathering;
			packageProductDependencies = (
			);
			productName = theGathering;
			productReference = A301C6A52DCE620900C91F2F /* theGathering.app */;
			productType = "com.apple.product-type.application";
		};
		A301C6B12DCE620A00C91F2F /* theGatheringTests */ = {
			isa = PBXNativeTarget;
			buildConfigurationList = A301C6C92DCE620A00C91F2F /* Build configuration list for PBXNativeTarget "theGatheringTests" */;
			buildPhases = (
				A301C6AE2DCE620A00C91F2F /* Sources */,
				A301C6AF2DCE620A00C91F2F /* Frameworks */,
				A301C6B02DCE620A00C91F2F /* Resources */,
			);
			buildRules = (
			);
			dependencies = (
				A301C6B42DCE620A00C91F2F /* PBXTargetDependency */,
			);
			fileSystemSynchronizedGroups = (
				A301C6B52DCE620A00C91F2F /* theGatheringTests */,
			);
			name = theGatheringTests;
			packageProductDependencies = (
			);
			productName = theGatheringTests;
			productReference = A301C6B22DCE620A00C91F2F /* theGatheringTests.xctest */;
			productType = "com.apple.product-type.bundle.unit-test";
		};
		A301C6BB2DCE620A00C91F2F /* theGatheringUITests */ = {
			isa = PBXNativeTarget;
			buildConfigurationList = A301C6CC2DCE620A00C91F2F /* Build configuration list for PBXNativeTarget "theGatheringUITests" */;
			buildPhases = (
				A301C6B82DCE620A00C91F2F /* Sources */,
				A301C6B92DCE620A00C91F2F /* Frameworks */,
				A301C6BA2DCE620A00C91F2F /* Resources */,
			);
			buildRules = (
			);
			dependencies = (
				A301C6BE2DCE620A00C91F2F /* PBXTargetDependency */,
			);
			fileSystemSynchronizedGroups = (
				A301C6BF2DCE620A00C91F2F /* theGatheringUITests */,
			);
			name = theGatheringUITests;
			packageProductDependencies = (
			);
			productName = theGatheringUITests;
			productReference = A301C6BC2DCE620A00C91F2F /* theGatheringUITests.xctest */;
			productType = "com.apple.product-type.bundle.ui-testing";
		};
/* End PBXNativeTarget section */

/* Begin PBXProject section */
		A301C69D2DCE620900C91F2F /* Project object */ = {
			isa = PBXProject;
			attributes = {
				BuildIndependentTargetsInParallel = 1;
				LastSwiftUpdateCheck = 1630;
				LastUpgradeCheck = 1630;
				TargetAttributes = {
					A301C6A42DCE620900C91F2F = {
						CreatedOnToolsVersion = 16.3;
					};
					A301C6B12DCE620A00C91F2F = {
						CreatedOnToolsVersion = 16.3;
						TestTargetID = A301C6A42DCE620900C91F2F;
					};
					A301C6BB2DCE620A00C91F2F = {
						CreatedOnToolsVersion = 16.3;
						TestTargetID = A301C6A42DCE620900C91F2F;
					};
				};
			};
			buildConfigurationList = A301C6A02DCE620900C91F2F /* Build configuration list for PBXProject "theGathering" */;
			developmentRegion = en;
			hasScannedForEncodings = 0;
			knownRegions = (
				en,
				Base,
			);
			mainGroup = A301C69C2DCE620900C91F2F;
			minimizedProjectReferenceProxies = 1;
			preferredProjectObjectVersion = 77;
			productRefGroup = A301C6A62DCE620900C91F2F /* Products */;
			projectDirPath = "";
			projectRoot = "";
			targets = (
				A301C6A42DCE620900C91F2F /* theGathering */,
				A301C6B12DCE620A00C91F2F /* theGatheringTests */,
				A301C6BB2DCE620A00C91F2F /* theGatheringUITests */,
			);
		};
/* End PBXProject section */

/* Begin PBXResourcesBuildPhase section */
		A301C6A32DCE620900C91F2F /* Resources */ = {
			isa = PBXResourcesBuildPhase;
			buildActionMask = 2147483647;
			files = (
			);
			runOnlyForDeploymentPostprocessing = 0;
		};
		A301C6B02DCE620A00C91F2F /* Resources */ = {
			isa = PBXResourcesBuildPhase;
			buildActionMask = 2147483647;
			files = (
			);
			runOnlyForDeploymentPostprocessing = 0;
		};
		A301C6BA2DCE620A00C91F2F /* Resources */ = {
			isa = PBXResourcesBuildPhase;
			buildActionMask = 2147483647;
			files = (
			);
			runOnlyForDeploymentPostprocessing = 0;
		};
/* End PBXResourcesBuildPhase section */

/* Begin PBXSourcesBuildPhase section */
		A301C6A12DCE620900C91F2F /* Sources */ = {
			isa = PBXSourcesBuildPhase;
			buildActionMask = 2147483647;
			files = (
			);
			runOnlyForDeploymentPostprocessing = 0;
		};
		A301C6AE2DCE620A00C91F2F /* Sources */ = {
			isa = PBXSourcesBuildPhase;
			buildActionMask = 2147483647;
			files = (
			);
			runOnlyForDeploymentPostprocessing = 0;
		};
		A301C6B82DCE620A00C91F2F /* Sources */ = {
			isa = PBXSourcesBuildPhase;
			buildActionMask = 2147483647;
			files = (
			);
			runOnlyForDeploymentPostprocessing = 0;
		};
/* End PBXSourcesBuildPhase section */

/* Begin PBXTargetDependency section */
		A301C6B42DCE620A00C91F2F /* PBXTargetDependency */ = {
			isa = PBXTargetDependency;
			target = A301C6A42DCE620900C91F2F /* theGathering */;
			targetProxy = A301C6B32DCE620A00C91F2F /* PBXContainerItemProxy */;
		};
		A301C6BE2DCE620A00C91F2F /* PBXTargetDependency */ = {
			isa = PBXTargetDependency;
			target = A301C6A42DCE620900C91F2F /* theGathering */;
			targetProxy = A301C6BD2DCE620A00C91F2F /* PBXContainerItemProxy */;
		};
/* End PBXTargetDependency section */

/* Begin XCBuildConfiguration section */
		A301C6C42DCE620A00C91F2F /* Debug */ = {
			isa = XCBuildConfiguration;
			buildSettings = {
				ALWAYS_SEARCH_USER_PATHS = NO;
				ASSETCATALOG_COMPILER_GENERATE_SWIFT_ASSET_SYMBOL_EXTENSIONS = YES;
				CLANG_ANALYZER_NONNULL = YES;
				CLANG_ANALYZER_NUMBER_OBJECT_CONVERSION = YES_AGGRESSIVE;
				CLANG_CXX_LANGUAGE_STANDARD = "gnu++20";
				CLANG_ENABLE_MODULES = YES;
				CLANG_ENABLE_OBJC_ARC = YES;
				CLANG_ENABLE_OBJC_WEAK = YES;
				CLANG_WARN_BLOCK_CAPTURE_AUTORELEASING = YES;
				CLANG_WARN_BOOL_CONVERSION = YES;
				CLANG_WARN_COMMA = YES;
				CLANG_WARN_CONSTANT_CONVERSION = YES;
				CLANG_WARN_DEPRECATED_OBJC_IMPLEMENTATIONS = YES;
				CLANG_WARN_DIRECT_OBJC_ISA_USAGE = YES_ERROR;
				CLANG_WARN_DOCUMENTATION_COMMENTS = YES;
				CLANG_WARN_EMPTY_BODY = YES;
				CLANG_WARN_ENUM_CONVERSION = YES;
				CLANG_WARN_INFINITE_RECURSION = YES;
				CLANG_WARN_INT_CONVERSION = YES;
				CLANG_WARN_NON_LITERAL_NULL_CONVERSION = YES;
				CLANG_WARN_OBJC_IMPLICIT_RETAIN_SELF = YES;
				CLANG_WARN_OBJC_LITERAL_CONVERSION = YES;
				CLANG_WARN_OBJC_ROOT_CLASS = YES_ERROR;
				CLANG_WARN_QUOTED_INCLUDE_IN_FRAMEWORK_HEADER = YES;
				CLANG_WARN_RANGE_LOOP_ANALYSIS = YES;
				CLANG_WARN_STRICT_PROTOTYPES = YES;
				CLANG_WARN_SUSPICIOUS_MOVE = YES;
				CLANG_WARN_UNGUARDED_AVAILABILITY = YES_AGGRESSIVE;
				CLANG_WARN_UNREACHABLE_CODE = YES;
				CLANG_WARN__DUPLICATE_METHOD_MATCH = YES;
				COPY_PHASE_STRIP = NO;
				DEBUG_INFORMATION_FORMAT = dwarf;
				ENABLE_STRICT_OBJC_MSGSEND = YES;
				ENABLE_TESTABILITY = YES;
				ENABLE_USER_SCRIPT_SANDBOXING = YES;
				GCC_C_LANGUAGE_STANDARD = gnu17;
				GCC_DYNAMIC_NO_PIC = NO;
				GCC_NO_COMMON_BLOCKS = YES;
				GCC_OPTIMIZATION_LEVEL = 0;
				GCC_PREPROCESSOR_DEFINITIONS = (
					"DEBUG=1",
					"$(inherited)",
				);
				GCC_WARN_64_TO_32_BIT_CONVERSION = YES;
				GCC_WARN_ABOUT_RETURN_TYPE = YES_ERROR;
				GCC_WARN_UNDECLARED_SELECTOR = YES;
				GCC_WARN_UNINITIALIZED_AUTOS = YES_AGGRESSIVE;
				GCC_WARN_UNUSED_FUNCTION = YES;
				GCC_WARN_UNUSED_VARIABLE = YES;
				IPHONEOS_DEPLOYMENT_TARGET = 18.4;
				LOCALIZATION_PREFERS_STRING_CATALOGS = YES;
				MTL_ENABLE_DEBUG_INFO = INCLUDE_SOURCE;
				MTL_FAST_MATH = YES;
				ONLY_ACTIVE_ARCH = YES;
				SDKROOT = iphoneos;
				SWIFT_ACTIVE_COMPILATION_CONDITIONS = "DEBUG $(inherited)";
				SWIFT_OPTIMIZATION_LEVEL = "-Onone";
			};
			name = Debug;
		};
		A301C6C52DCE620A00C91F2F /* Release */ = {
			isa = XCBuildConfiguration;
			buildSettings = {
				ALWAYS_SEARCH_USER_PATHS = NO;
				ASSETCATALOG_COMPILER_GENERATE_SWIFT_ASSET_SYMBOL_EXTENSIONS = YES;
				CLANG_ANALYZER_NONNULL = YES;
				CLANG_ANALYZER_NUMBER_OBJECT_CONVERSION = YES_AGGRESSIVE;
				CLANG_CXX_LANGUAGE_STANDARD = "gnu++20";
				CLANG_ENABLE_MODULES = YES;
				CLANG_ENABLE_OBJC_ARC = YES;
				CLANG_ENABLE_OBJC_WEAK = YES;
				CLANG_WARN_BLOCK_CAPTURE_AUTORELEASING = YES;
				CLANG_WARN_BOOL_CONVERSION = YES;
				CLANG_WARN_COMMA = YES;
				CLANG_WARN_CONSTANT_CONVERSION = YES;
				CLANG_WARN_DEPRECATED_OBJC_IMPLEMENTATIONS = YES;
				CLANG_WARN_DIRECT_OBJC_ISA_USAGE = YES_ERROR;
				CLANG_WARN_DOCUMENTATION_COMMENTS = YES;
				CLANG_WARN_EMPTY_BODY = YES;
				CLANG_WARN_ENUM_CONVERSION = YES;
				CLANG_WARN_INFINITE_RECURSION = YES;
				CLANG_WARN_INT_CONVERSION = YES;
				CLANG_WARN_NON_LITERAL_NULL_CONVERSION = YES;
				CLANG_WARN_OBJC_IMPLICIT_RETAIN_SELF = YES;
				CLANG_WARN_OBJC_LITERAL_CONVERSION = YES;
				CLANG_WARN_OBJC_ROOT_CLASS = YES_ERROR;
				CLANG_WARN_QUOTED_INCLUDE_IN_FRAMEWORK_HEADER = YES;
				CLANG_WARN_RANGE_LOOP_ANALYSIS = YES;
				CLANG_WARN_STRICT_PROTOTYPES = YES;
				CLANG_WARN_SUSPICIOUS_MOVE = YES;
				CLANG_WARN_UNGUARDED_AVAILABILITY = YES_AGGRESSIVE;
				CLANG_WARN_UNREACHABLE_CODE = YES;
				CLANG_WARN__DUPLICATE_METHOD_MATCH = YES;
				COPY_PHASE_STRIP = NO;
				DEBUG_INFORMATION_FORMAT = "dwarf-with-dsym";
				ENABLE_NS_ASSERTIONS = NO;
				ENABLE_STRICT_OBJC_MSGSEND = YES;
				ENABLE_USER_SCRIPT_SANDBOXING = YES;
				GCC_C_LANGUAGE_STANDARD = gnu17;
				GCC_NO_COMMON_BLOCKS = YES;
				GCC_WARN_64_TO_32_BIT_CONVERSION = YES;
				GCC_WARN_ABOUT_RETURN_TYPE = YES_ERROR;
				GCC_WARN_UNDECLARED_SELECTOR = YES;
				GCC_WARN_UNINITIALIZED_AUTOS = YES_AGGRESSIVE;
				GCC_WARN_UNUSED_FUNCTION = YES;
				GCC_WARN_UNUSED_VARIABLE = YES;
				IPHONEOS_DEPLOYMENT_TARGET = 18.4;
				LOCALIZATION_PREFERS_STRING_CATALOGS = YES;
				MTL_ENABLE_DEBUG_INFO = NO;
				MTL_FAST_MATH = YES;
				SDKROOT = iphoneos;
				SWIFT_COMPILATION_MODE = wholemodule;
				VALIDATE_PRODUCT = YES;
			};
			name = Release;
		};
		A301C6C72DCE620A00C91F2F /* Debug */ = {
			isa = XCBuildConfiguration;
			buildSettings = {
				ASSETCATALOG_COMPILER_APPICON_NAME = AppIcon;
				ASSETCATALOG_COMPILER_GLOBAL_ACCENT_COLOR_NAME = AccentColor;
				CODE_SIGN_STYLE = Automatic;
				CURRENT_PROJECT_VERSION = 1;
				ENABLE_PREVIEWS = YES;
				GENERATE_INFOPLIST_FILE = YES;
				INFOPLIST_KEY_UIApplicationSceneManifest_Generation = YES;
				INFOPLIST_KEY_UIApplicationSupportsIndirectInputEvents = YES;
				INFOPLIST_KEY_UILaunchScreen_Generation = YES;
				INFOPLIST_KEY_UISupportedInterfaceOrientations_iPad = "UIInterfaceOrientationPortrait UIInterfaceOrientationPortraitUpsideDown UIInterfaceOrientationLandscapeLeft UIInterfaceOrientationLandscapeRight";
				INFOPLIST_KEY_UISupportedInterfaceOrientations_iPhone = "UIInterfaceOrientationPortrait UIInterfaceOrientationLandscapeLeft UIInterfaceOrientationLandscapeRight";
				LD_RUNPATH_SEARCH_PATHS = (
					"$(inherited)",
					"@executable_path/Frameworks",
				);
				MARKETING_VERSION = 1.0;
				PRODUCT_BUNDLE_IDENTIFIER = edu.fhnw.theGathering;
				PRODUCT_NAME = "$(TARGET_NAME)";
				SWIFT_EMIT_LOC_STRINGS = YES;
				SWIFT_VERSION = 5.0;
				TARGETED_DEVICE_FAMILY = "1,2";
			};
			name = Debug;
		};
		A301C6C82DCE620A00C91F2F /* Release */ = {
			isa = XCBuildConfiguration;
			buildSettings = {
				ASSETCATALOG_COMPILER_APPICON_NAME = AppIcon;
				ASSETCATALOG_COMPILER_GLOBAL_ACCENT_COLOR_NAME = AccentColor;
				CODE_SIGN_STYLE = Automatic;
				CURRENT_PROJECT_VERSION = 1;
				ENABLE_PREVIEWS = YES;
				GENERATE_INFOPLIST_FILE = YES;
				INFOPLIST_KEY_UIApplicationSceneManifest_Generation = YES;
				INFOPLIST_KEY_UIApplicationSupportsIndirectInputEvents = YES;
				INFOPLIST_KEY_UILaunchScreen_Generation = YES;
				INFOPLIST_KEY_UISupportedInterfaceOrientations_iPad = "UIInterfaceOrientationPortrait UIInterfaceOrientationPortraitUpsideDown UIInterfaceOrientationLandscapeLeft UIInterfaceOrientationLandscapeRight";
				INFOPLIST_KEY_UISupportedInterfaceOrientations_iPhone = "UIInterfaceOrientationPortrait UIInterfaceOrientationLandscapeLeft UIInterfaceOrientationLandscapeRight";
				LD_RUNPATH_SEARCH_PATHS = (
					"$(inherited)",
					"@executable_path/Frameworks",
				);
				MARKETING_VERSION = 1.0;
				PRODUCT_BUNDLE_IDENTIFIER = edu.fhnw.theGathering;
				PRODUCT_NAME = "$(TARGET_NAME)";
				SWIFT_EMIT_LOC_STRINGS = YES;
				SWIFT_VERSION = 5.0;
				TARGETED_DEVICE_FAMILY = "1,2";
			};
			name = Release;
		};
		A301C6CA2DCE620A00C91F2F /* Debug */ = {
			isa = XCBuildConfiguration;
			buildSettings = {
				BUNDLE_LOADER = "$(TEST_HOST)";
				CODE_SIGN_STYLE = Automatic;
				CURRENT_PROJECT_VERSION = 1;
				GENERATE_INFOPLIST_FILE = YES;
				IPHONEOS_DEPLOYMENT_TARGET = 18.4;
				MARKETING_VERSION = 1.0;
				PRODUCT_BUNDLE_IDENTIFIER = edu.fhnw.theGatheringTests;
				PRODUCT_NAME = "$(TARGET_NAME)";
				SWIFT_EMIT_LOC_STRINGS = NO;
				SWIFT_VERSION = 5.0;
				TARGETED_DEVICE_FAMILY = "1,2";
				TEST_HOST = "$(BUILT_PRODUCTS_DIR)/theGathering.app/$(BUNDLE_EXECUTABLE_FOLDER_PATH)/theGathering";
			};
			name = Debug;
		};
		A301C6CB2DCE620A00C91F2F /* Release */ = {
			isa = XCBuildConfiguration;
			buildSettings = {
				BUNDLE_LOADER = "$(TEST_HOST)";
				CODE_SIGN_STYLE = Automatic;
				CURRENT_PROJECT_VERSION = 1;
				GENERATE_INFOPLIST_FILE = YES;
				IPHONEOS_DEPLOYMENT_TARGET = 18.4;
				MARKETING_VERSION = 1.0;
				PRODUCT_BUNDLE_IDENTIFIER = edu.fhnw.theGatheringTests;
				PRODUCT_NAME = "$(TARGET_NAME)";
				SWIFT_EMIT_LOC_STRINGS = NO;
				SWIFT_VERSION = 5.0;
				TARGETED_DEVICE_FAMILY = "1,2";
				TEST_HOST = "$(BUILT_PRODUCTS_DIR)/theGathering.app/$(BUNDLE_EXECUTABLE_FOLDER_PATH)/theGathering";
			};
			name = Release;
		};
		A301C6CD2DCE620A00C91F2F /* Debug */ = {
			isa = XCBuildConfiguration;
			buildSettings = {
				CODE_SIGN_STYLE = Automatic;
				CURRENT_PROJECT_VERSION = 1;
				GENERATE_INFOPLIST_FILE = YES;
				MARKETING_VERSION = 1.0;
				PRODUCT_BUNDLE_IDENTIFIER = edu.fhnw.theGatheringUITests;
				PRODUCT_NAME = "$(TARGET_NAME)";
				SWIFT_EMIT_LOC_STRINGS = NO;
				SWIFT_VERSION = 5.0;
				TARGETED_DEVICE_FAMILY = "1,2";
				TEST_TARGET_NAME = theGathering;
			};
			name = Debug;
		};
		A301C6CE2DCE620A00C91F2F /* Release */ = {
			isa = XCBuildConfiguration;
			buildSettings = {
				CODE_SIGN_STYLE = Automatic;
				CURRENT_PROJECT_VERSION = 1;
				GENERATE_INFOPLIST_FILE = YES;
				MARKETING_VERSION = 1.0;
				PRODUCT_BUNDLE_IDENTIFIER = edu.fhnw.theGatheringUITests;
				PRODUCT_NAME = "$(TARGET_NAME)";
				SWIFT_EMIT_LOC_STRINGS = NO;
				SWIFT_VERSION = 5.0;
				TARGETED_DEVICE_FAMILY = "1,2";
				TEST_TARGET_NAME = theGathering;
			};
			name = Release;
		};
/* End XCBuildConfiguration section */

/* Begin XCConfigurationList section */
		A301C6A02DCE620900C91F2F /* Build configuration list for PBXProject "theGathering" */ = {
			isa = XCConfigurationList;
			buildConfigurations = (
				A301C6C42DCE620A00C91F2F /* Debug */,
				A301C6C52DCE620A00C91F2F /* Release */,
			);
			defaultConfigurationIsVisible = 0;
			defaultConfigurationName = Release;
		};
		A301C6C62DCE620A00C91F2F /* Build configuration list for PBXNativeTarget "theGathering" */ = {
			isa = XCConfigurationList;
			buildConfigurations = (
				A301C6C72DCE620A00C91F2F /* Debug */,
				A301C6C82DCE620A00C91F2F /* Release */,
			);
			defaultConfigurationIsVisible = 0;
			defaultConfigurationName = Release;
		};
		A301C6C92DCE620A00C91F2F /* Build configuration list for PBXNativeTarget "theGatheringTests" */ = {
			isa = XCConfigurationList;
			buildConfigurations = (
				A301C6CA2DCE620A00C91F2F /* Debug */,
				A301C6CB2DCE620A00C91F2F /* Release */,
			);
			defaultConfigurationIsVisible = 0;
			defaultConfigurationName = Release;
		};
		A301C6CC2DCE620A00C91F2F /* Build configuration list for PBXNativeTarget "theGatheringUITests" */ = {
			isa = XCConfigurationList;
			buildConfigurations = (
				A301C6CD2DCE620A00C91F2F /* Debug */,
				A301C6CE2DCE620A00C91F2F /* Release */,
			);
			defaultConfigurationIsVisible = 0;
			defaultConfigurationName = Release;
		};
/* End XCConfigurationList section */
	};
	rootObject = A301C69D2DCE620900C91F2F /* Project object */;
}
